
Microsoft Visual Studio Solution File, Format Version 12.00
# Visual Studio 15
Project("{FAE04EC0-301F-11D3-BF4B-00C04F79EFBC}") = "PhotonUnityNetworking.Utilities", "PhotonUnityNetworking.Utilities.csproj", "{E6140A64-ACEE-64E5-46F3-128CECFB0DD0}"
EndProject
Project("{FAE04EC0-301F-11D3-BF4B-00C04F79EFBC}") = "Assembly-CSharp", "Assembly-CSharp.csproj", "{692DA915-2469-8C30-9F70-897741466696}"
EndProject
Project("{FAE04EC0-301F-11D3-BF4B-00C04F79EFBC}") = "PhotonUnityNetworking.Demos", "PhotonUnityNetworking.Demos.csproj", "{B88B70F3-F1A1-B528-1EE4-BC746B1E9857}"
EndProject
Project("{FAE04EC0-301F-11D3-BF4B-00C04F79EFBC}") = "PhotonUnityNetworking", "PhotonUnityNetworking.csproj", "{2F78BC67-9D05-F66D-5275-0E307D59B3D5}"
EndProject
Project("{FAE04EC0-301F-11D3-BF4B-00C04F79EFBC}") = "PhotonChat", "PhotonChat.csproj", "{CC546F85-C7EB-EC9B-6B9D-D69CAABDD038}"
EndProject
Project("{FAE04EC0-301F-11D3-BF4B-00C04F79EFBC}") = "PhotonRealtime", "PhotonRealtime.csproj", "{4549F63C-42A4-CEEB-0D3C-D5702247A16D}"
EndProject
Project("{FAE04EC0-301F-11D3-BF4B-00C04F79EFBC}") = "PhotonUnityNetworking.Editor", "PhotonUnityNetworking.Editor.csproj", "{2F5EC95D-EA8A-DEE3-754C-DDAC6E210330}"
EndProject
Project("{FAE04EC0-301F-11D3-BF4B-00C04F79EFBC}") = "PhotonUnityNetworking.Utilities.PhotonPlayer.Editor", "PhotonUnityNetworking.Utilities.PhotonPlayer.Editor.csproj", "{789EE7B1-5C09-7674-58B8-E67B01D8079A}"
EndProject
Project("{FAE04EC0-301F-11D3-BF4B-00C04F79EFBC}") = "PunDemos.DemoSlotcarEditor", "PunDemos.DemoSlotcarEditor.csproj", "{ECEE777C-E8BA-7848-879A-D5BF05AC77BB}"
EndProject
Project("{FAE04EC0-301F-11D3-BF4B-00C04F79EFBC}") = "PhotonUnityNetworking.Utilities.Culling.Editor", "PhotonUnityNetworking.Utilities.Culling.Editor.csproj", "{17A88C31-53B4-E3FB-04F2-A3035A7E8012}"
EndProject
Project("{FAE04EC0-301F-11D3-BF4B-00C04F79EFBC}") = "PunDemos.DemoHubEditor", "PunDemos.DemoHubEditor.csproj", "{6D6957F7-F461-2EBC-788A-E0911BAF9372}"
EndProject
Global
	GlobalSection(SolutionConfigurationPlatforms) = preSolution
		Debug|Any CPU = Debug|Any CPU
		Release|Any CPU = Release|Any CPU
	EndGlobalSection
	GlobalSection(ProjectConfigurationPlatforms) = postSolution
		{E6140A64-ACEE-64E5-46F3-128CECFB0DD0}.Debug|Any CPU.ActiveCfg = Debug|Any CPU
		{E6140A64-ACEE-64E5-46F3-128CECFB0DD0}.Debug|Any CPU.Build.0 = Debug|Any CPU
		{E6140A64-ACEE-64E5-46F3-128CECFB0DD0}.Release|Any CPU.ActiveCfg = Release|Any CPU
		{E6140A64-ACEE-64E5-46F3-128CECFB0DD0}.Release|Any CPU.Build.0 = Release|Any CPU
		{692DA915-2469-8C30-9F70-897741466696}.Debug|Any CPU.ActiveCfg = Debug|Any CPU
		{692DA915-2469-8C30-9F70-897741466696}.Debug|Any CPU.Build.0 = Debug|Any CPU
		{692DA915-2469-8C30-9F70-897741466696}.Release|Any CPU.ActiveCfg = Release|Any CPU
		{692DA915-2469-8C30-9F70-897741466696}.Release|Any CPU.Build.0 = Release|Any CPU
		{B88B70F3-F1A1-B528-1EE4-BC746B1E9857}.Debug|Any CPU.ActiveCfg = Debug|Any CPU
		{B88B70F3-F1A1-B528-1EE4-BC746B1E9857}.Debug|Any CPU.Build.0 = Debug|Any CPU
		{B88B70F3-F1A1-B528-1EE4-BC746B1E9857}.Release|Any CPU.ActiveCfg = Release|Any CPU
		{B88B70F3-F1A1-B528-1EE4-BC746B1E9857}.Release|Any CPU.Build.0 = Release|Any CPU
		{2F78BC67-9D05-F66D-5275-0E307D59B3D5}.Debug|Any CPU.ActiveCfg = Debug|Any CPU
		{2F78BC67-9D05-F66D-5275-0E307D59B3D5}.Debug|Any CPU.Build.0 = Debug|Any CPU
		{2F78BC67-9D05-F66D-5275-0E307D59B3D5}.Release|Any CPU.ActiveCfg = Release|Any CPU
		{2F78BC67-9D05-F66D-5275-0E307D59B3D5}.Release|Any CPU.Build.0 = Release|Any CPU
		{CC546F85-C7EB-EC9B-6B9D-D69CAABDD038}.Debug|Any CPU.ActiveCfg = Debug|Any CPU
		{CC546F85-C7EB-EC9B-6B9D-D69CAABDD038}.Debug|Any CPU.Build.0 = Debug|Any CPU
		{CC546F85-C7EB-EC9B-6B9D-D69CAABDD038}.Release|Any CPU.ActiveCfg = Release|Any CPU
		{CC546F85-C7EB-EC9B-6B9D-D69CAABDD038}.Release|Any CPU.Build.0 = Release|Any CPU
		{4549F63C-42A4-CEEB-0D3C-D5702247A16D}.Debug|Any CPU.ActiveCfg = Debug|Any CPU
		{4549F63C-42A4-CEEB-0D3C-D5702247A16D}.Debug|Any CPU.Build.0 = Debug|Any CPU
		{4549F63C-42A4-CEEB-0D3C-D5702247A16D}.Release|Any CPU.ActiveCfg = Release|Any CPU
		{4549F63C-42A4-CEEB-0D3C-D5702247A16D}.Release|Any CPU.Build.0 = Release|Any CPU
		{2F5EC95D-EA8A-DEE3-754C-DDAC6E210330}.Debug|Any CPU.ActiveCfg = Debug|Any CPU
		{2F5EC95D-EA8A-DEE3-754C-DDAC6E210330}.Debug|Any CPU.Build.0 = Debug|Any CPU
		{2F5EC95D-EA8A-DEE3-754C-DDAC6E210330}.Release|Any CPU.ActiveCfg = Release|Any CPU
		{2F5EC95D-EA8A-DEE3-754C-DDAC6E210330}.Release|Any CPU.Build.0 = Release|Any CPU
		{789EE7B1-5C09-7674-58B8-E67B01D8079A}.Debug|Any CPU.ActiveCfg = Debug|Any CPU
		{789EE7B1-5C09-7674-58B8-E67B01D8079A}.Debug|Any CPU.Build.0 = Debug|Any CPU
		{789EE7B1-5C09-7674-58B8-E67B01D8079A}.Release|Any CPU.ActiveCfg = Release|Any CPU
		{789EE7B1-5C09-7674-58B8-E67B01D8079A}.Release|Any CPU.Build.0 = Release|Any CPU
		{ECEE777C-E8BA-7848-879A-D5BF05AC77BB}.Debug|Any CPU.ActiveCfg = Debug|Any CPU
		{ECEE777C-E8BA-7848-879A-D5BF05AC77BB}.Debug|Any CPU.Build.0 = Debug|Any CPU
		{ECEE777C-E8BA-7848-879A-D5BF05AC77BB}.Release|Any CPU.ActiveCfg = Release|Any CPU
		{ECEE777C-E8BA-7848-879A-D5BF05AC77BB}.Release|Any CPU.Build.0 = Release|Any CPU
		{17A88C31-53B4-E3FB-04F2-A3035A7E8012}.Debug|Any CPU.ActiveCfg = Debug|Any CPU
		{17A88C31-53B4-E3FB-04F2-A3035A7E8012}.Debug|Any CPU.Build.0 = Debug|Any CPU
		{17A88C31-53B4-E3FB-04F2-A3035A7E8012}.Release|Any CPU.ActiveCfg = Release|Any CPU
		{17A88C31-53B4-E3FB-04F2-A3035A7E8012}.Release|Any CPU.Build.0 = Release|Any CPU
		{6D6957F7-F461-2EBC-788A-E0911BAF9372}.Debug|Any CPU.ActiveCfg = Debug|Any CPU
		{6D6957F7-F461-2EBC-788A-E0911BAF9372}.Debug|Any CPU.Build.0 = Debug|Any CPU
		{6D6957F7-F461-2EBC-788A-E0911BAF9372}.Release|Any CPU.ActiveCfg = Release|Any CPU
		{6D6957F7-F461-2EBC-788A-E0911BAF9372}.Release|Any CPU.Build.0 = Release|Any CPU
	EndGlobalSection
	GlobalSection(SolutionProperties) = preSolution
		HideSolutionNode = FALSE
	EndGlobalSection
	GlobalSection(MonoDevelopProperties) = preSolution
		StartupItem = Assembly-CSharp.csproj
	EndGlobalSection
EndGlobal
